
Microsoft Visual Studio Solution File, Format Version 12.00
# Visual Studio Version 17
VisualStudioVersion = 17.9.34728.123
MinimumVisualStudioVersion = 10.0.40219.1
Project("{9A19103F-16F7-4668-BE54-9A1E7A4F7556}") = "It-Expert", "It-Expert\It-Expert.csproj", "{FA4CA89E-BB01-4F34-B054-1E9404F946E7}"
EndProject
Project("{2150E333-8FDC-42A3-9474-1A3956D46DE8}") = "tests", "tests", "{5F815C21-C814-4AC7-B2CE-5DB72C4D7759}"
EndProject
Project("{FAE04EC0-301F-11D3-BF4B-00C04F79EFBC}") = "It-Expert.Unit.Tests", "It-Expert.Unit.Tests\It-Expert.Unit.Tests.csproj", "{E629F508-6BD7-40E5-BEAB-06F767AEB40F}"
EndProject
Global
	GlobalSection(SolutionConfigurationPlatforms) = preSolution
		Debug|Any CPU = Debug|Any CPU
		Release|Any CPU = Release|Any CPU
	EndGlobalSection
	GlobalSection(ProjectConfigurationPlatforms) = postSolution
		{FA4CA89E-BB01-4F34-B054-1E9404F946E7}.Debug|Any CPU.ActiveCfg = Debug|Any CPU
		{FA4CA89E-BB01-4F34-B054-1E9404F946E7}.Debug|Any CPU.Build.0 = Debug|Any CPU
		{FA4CA89E-BB01-4F34-B054-1E9404F946E7}.Release|Any CPU.ActiveCfg = Release|Any CPU
		{FA4CA89E-BB01-4F34-B054-1E9404F946E7}.Release|Any CPU.Build.0 = Release|Any CPU
		{E629F508-6BD7-40E5-BEAB-06F767AEB40F}.Debug|Any CPU.ActiveCfg = Debug|Any CPU
		{E629F508-6BD7-40E5-BEAB-06F767AEB40F}.Debug|Any CPU.Build.0 = Debug|Any CPU
		{E629F508-6BD7-40E5-BEAB-06F767AEB40F}.Release|Any CPU.ActiveCfg = Release|Any CPU
		{E629F508-6BD7-40E5-BEAB-06F767AEB40F}.Release|Any CPU.Build.0 = Release|Any CPU
	EndGlobalSection
	GlobalSection(SolutionProperties) = preSolution
		HideSolutionNode = FALSE
	EndGlobalSection
	GlobalSection(NestedProjects) = preSolution
		{E629F508-6BD7-40E5-BEAB-06F767AEB40F} = {5F815C21-C814-4AC7-B2CE-5DB72C4D7759}
	EndGlobalSection
	GlobalSection(ExtensibilityGlobals) = postSolution
		SolutionGuid = {E2FEE994-1A13-4CB5-B0B7-9C37BDA8A3E9}
	EndGlobalSection
EndGlobal
